// !$*UTF8*$!
{
	archiveVersion = 1;
	classes = {
	};
	objectVersion = 50;
	objects = {

/* Begin PBXBuildFile section */
		CF14B8B9251A55FF00283D38 /* UIView+Extension.swift in Sources */ = {isa = PBXBuildFile; fileRef = CF14B8B8251A55FF00283D38 /* UIView+Extension.swift */; };
		CF2454DF2503C37600BB64C7 /* PagamentoModule.swift in Sources */ = {isa = PBXBuildFile; fileRef = CF2454DE2503C37600BB64C7 /* PagamentoModule.swift */; };
		CF2454ED2506BFCE00BB64C7 /* QRScannerViewDelegate.swift in Sources */ = {isa = PBXBuildFile; fileRef = CF2454EA2506BFCE00BB64C7 /* QRScannerViewDelegate.swift */; };
		CF2454F12506BFF700BB64C7 /* QRData.swift in Sources */ = {isa = PBXBuildFile; fileRef = CF2454F02506BFF700BB64C7 /* QRData.swift */; };
		CF2454F82506C00D00BB64C7 /* UIViewController+Alert.swift in Sources */ = {isa = PBXBuildFile; fileRef = CF2454F32506C00D00BB64C7 /* UIViewController+Alert.swift */; };
		CF2454FB2506C00D00BB64C7 /* Assets.xcassets in Resources */ = {isa = PBXBuildFile; fileRef = CF2454F72506C00D00BB64C7 /* Assets.xcassets */; };
		CF2455152506CE3500BB64C7 /* QRScanViewController.swift in Sources */ = {isa = PBXBuildFile; fileRef = CF2455132506CE3500BB64C7 /* QRScanViewController.swift */; };
		CF2455162506CE3500BB64C7 /* QRScanViewController.xib in Resources */ = {isa = PBXBuildFile; fileRef = CF2455142506CE3500BB64C7 /* QRScanViewController.xib */; };
		CF2455192507885500BB64C7 /* AlertViewController.swift in Sources */ = {isa = PBXBuildFile; fileRef = CF2455172507885500BB64C7 /* AlertViewController.swift */; };
		CF24551A2507885500BB64C7 /* AlertViewController.xib in Resources */ = {isa = PBXBuildFile; fileRef = CF2455182507885500BB64C7 /* AlertViewController.xib */; };
		CF24551E25078C5400BB64C7 /* AlertType.swift in Sources */ = {isa = PBXBuildFile; fileRef = CF24551D25078C5400BB64C7 /* AlertType.swift */; };
		CF24552B250A517800BB64C7 /* ClaroAlertRouter.swift in Sources */ = {isa = PBXBuildFile; fileRef = CF245525250A517800BB64C7 /* ClaroAlertRouter.swift */; };
		CF24552C250A517800BB64C7 /* ClaroAlertProtocols.swift in Sources */ = {isa = PBXBuildFile; fileRef = CF245526250A517800BB64C7 /* ClaroAlertProtocols.swift */; };
		CF24552D250A517800BB64C7 /* ClaroAlertPresenter.swift in Sources */ = {isa = PBXBuildFile; fileRef = CF245527250A517800BB64C7 /* ClaroAlertPresenter.swift */; };
		CF24552E250A517800BB64C7 /* AlertInfo.swift in Sources */ = {isa = PBXBuildFile; fileRef = CF245529250A517800BB64C7 /* AlertInfo.swift */; };
		CF24552F250A517800BB64C7 /* ClaroAlertInteractor.swift in Sources */ = {isa = PBXBuildFile; fileRef = CF24552A250A517800BB64C7 /* ClaroAlertInteractor.swift */; };
		CF245532250A55FB00BB64C7 /* UIViewController+Extension.swift in Sources */ = {isa = PBXBuildFile; fileRef = CF245531250A55FB00BB64C7 /* UIViewController+Extension.swift */; };
		CF245534250A566700BB64C7 /* Lottie.framework in Frameworks */ = {isa = PBXBuildFile; fileRef = CF245533250A566700BB64C7 /* Lottie.framework */; };
		CF245535250A566700BB64C7 /* Lottie.framework in Embed Frameworks */ = {isa = PBXBuildFile; fileRef = CF245533250A566700BB64C7 /* Lottie.framework */; settings = {ATTRIBUTES = (CodeSignOnCopy, RemoveHeadersOnCopy, ); }; };
		CF245537250A56A400BB64C7 /* LottieManager.swift in Sources */ = {isa = PBXBuildFile; fileRef = CF245536250A56A400BB64C7 /* LottieManager.swift */; };
		CF24553D250BEC8D00BB64C7 /* SendMoneyConfirmationViewController.swift in Sources */ = {isa = PBXBuildFile; fileRef = CF24553B250BEC8C00BB64C7 /* SendMoneyConfirmationViewController.swift */; };
		CF24553E250BEC8D00BB64C7 /* SendMoneyConfirmationViewController.xib in Resources */ = {isa = PBXBuildFile; fileRef = CF24553C250BEC8C00BB64C7 /* SendMoneyConfirmationViewController.xib */; };
		CF245540250FA12100BB64C7 /* DataTransfer.swift in Sources */ = {isa = PBXBuildFile; fileRef = CF24553F250FA12000BB64C7 /* DataTransfer.swift */; };
		CF2456332510C94900BB64C7 /* String+Extension.swift in Sources */ = {isa = PBXBuildFile; fileRef = CF2456322510C94800BB64C7 /* String+Extension.swift */; };
		CF24565B2511605E00BB64C7 /* Balance.swift in Sources */ = {isa = PBXBuildFile; fileRef = CF24565A2511605D00BB64C7 /* Balance.swift */; };
		CFBA3AF4251247080040EACF /* SendMoneyEditViewController.swift in Sources */ = {isa = PBXBuildFile; fileRef = CFBA3AF2251247080040EACF /* SendMoneyEditViewController.swift */; };
		CFBA3AF5251247080040EACF /* SendMoneyEditViewController.xib in Resources */ = {isa = PBXBuildFile; fileRef = CFBA3AF3251247080040EACF /* SendMoneyEditViewController.xib */; };
		CFBA3AF7251267030040EACF /* CurrencyField.swift in Sources */ = {isa = PBXBuildFile; fileRef = CFBA3AF6251267030040EACF /* CurrencyField.swift */; };
		CFBA3AF92512B3D70040EACF /* UINavigationController+Extension.swift in Sources */ = {isa = PBXBuildFile; fileRef = CFBA3AF82512B3D60040EACF /* UINavigationController+Extension.swift */; };
		CFBA3AFD2512F8000040EACF /* SendMoneyReceiptViewController.swift in Sources */ = {isa = PBXBuildFile; fileRef = CFBA3AFB2512F8000040EACF /* SendMoneyReceiptViewController.swift */; };
		CFBA3AFE2512F8000040EACF /* SendMoneyReceiptViewController.xib in Resources */ = {isa = PBXBuildFile; fileRef = CFBA3AFC2512F8000040EACF /* SendMoneyReceiptViewController.xib */; };
		CFEBAD1825026EAE00889CE0 /* SDKPagamentoBR.h in Headers */ = {isa = PBXBuildFile; fileRef = CFEBAD1625026EAE00889CE0 /* SDKPagamentoBR.h */; settings = {ATTRIBUTES = (Public, ); }; };
		CFEBAD732502D6C100889CE0 /* ClaroPayStyle.framework in Frameworks */ = {isa = PBXBuildFile; fileRef = CFEBAD632502929000889CE0 /* ClaroPayStyle.framework */; };
		CFEBAD742502D6C100889CE0 /* ClaroPayStyle.framework in Embed Frameworks */ = {isa = PBXBuildFile; fileRef = CFEBAD632502929000889CE0 /* ClaroPayStyle.framework */; settings = {ATTRIBUTES = (CodeSignOnCopy, RemoveHeadersOnCopy, ); }; };
/* End PBXBuildFile section */

/* Begin PBXCopyFilesBuildPhase section */
		CFEBAD752502D6C100889CE0 /* Embed Frameworks */ = {
			isa = PBXCopyFilesBuildPhase;
			buildActionMask = 2147483647;
			dstPath = "";
			dstSubfolderSpec = 10;
			files = (
				CFEBAD742502D6C100889CE0 /* ClaroPayStyle.framework in Embed Frameworks */,
				CF245535250A566700BB64C7 /* Lottie.framework in Embed Frameworks */,
			);
			name = "Embed Frameworks";
			runOnlyForDeploymentPostprocessing = 0;
		};
/* End PBXCopyFilesBuildPhase section */

/* Begin PBXFileReference section */
		CF14B8B8251A55FF00283D38 /* UIView+Extension.swift */ = {isa = PBXFileReference; lastKnownFileType = sourcecode.swift; path = "UIView+Extension.swift"; sourceTree = "<group>"; };
		CF2454DE2503C37600BB64C7 /* PagamentoModule.swift */ = {isa = PBXFileReference; lastKnownFileType = sourcecode.swift; path = PagamentoModule.swift; sourceTree = "<group>"; };
		CF2454EA2506BFCE00BB64C7 /* QRScannerViewDelegate.swift */ = {isa = PBXFileReference; fileEncoding = 4; lastKnownFileType = sourcecode.swift; path = QRScannerViewDelegate.swift; sourceTree = "<group>"; };
		CF2454F02506BFF700BB64C7 /* QRData.swift */ = {isa = PBXFileReference; fileEncoding = 4; lastKnownFileType = sourcecode.swift; path = QRData.swift; sourceTree = "<group>"; };
		CF2454F32506C00D00BB64C7 /* UIViewController+Alert.swift */ = {isa = PBXFileReference; fileEncoding = 4; lastKnownFileType = sourcecode.swift; path = "UIViewController+Alert.swift"; sourceTree = "<group>"; };
		CF2454F72506C00D00BB64C7 /* Assets.xcassets */ = {isa = PBXFileReference; lastKnownFileType = folder.assetcatalog; path = Assets.xcassets; sourceTree = "<group>"; };
		CF2455132506CE3500BB64C7 /* QRScanViewController.swift */ = {isa = PBXFileReference; lastKnownFileType = sourcecode.swift; path = QRScanViewController.swift; sourceTree = "<group>"; };
		CF2455142506CE3500BB64C7 /* QRScanViewController.xib */ = {isa = PBXFileReference; lastKnownFileType = file.xib; path = QRScanViewController.xib; sourceTree = "<group>"; };
		CF2455172507885500BB64C7 /* AlertViewController.swift */ = {isa = PBXFileReference; lastKnownFileType = sourcecode.swift; path = AlertViewController.swift; sourceTree = "<group>"; };
		CF2455182507885500BB64C7 /* AlertViewController.xib */ = {isa = PBXFileReference; lastKnownFileType = file.xib; path = AlertViewController.xib; sourceTree = "<group>"; };
		CF24551D25078C5400BB64C7 /* AlertType.swift */ = {isa = PBXFileReference; lastKnownFileType = sourcecode.swift; path = AlertType.swift; sourceTree = "<group>"; };
		CF245525250A517800BB64C7 /* ClaroAlertRouter.swift */ = {isa = PBXFileReference; fileEncoding = 4; lastKnownFileType = sourcecode.swift; path = ClaroAlertRouter.swift; sourceTree = "<group>"; };
		CF245526250A517800BB64C7 /* ClaroAlertProtocols.swift */ = {isa = PBXFileReference; fileEncoding = 4; lastKnownFileType = sourcecode.swift; path = ClaroAlertProtocols.swift; sourceTree = "<group>"; };
		CF245527250A517800BB64C7 /* ClaroAlertPresenter.swift */ = {isa = PBXFileReference; fileEncoding = 4; lastKnownFileType = sourcecode.swift; path = ClaroAlertPresenter.swift; sourceTree = "<group>"; };
		CF245529250A517800BB64C7 /* AlertInfo.swift */ = {isa = PBXFileReference; fileEncoding = 4; lastKnownFileType = sourcecode.swift; path = AlertInfo.swift; sourceTree = "<group>"; };
		CF24552A250A517800BB64C7 /* ClaroAlertInteractor.swift */ = {isa = PBXFileReference; fileEncoding = 4; lastKnownFileType = sourcecode.swift; path = ClaroAlertInteractor.swift; sourceTree = "<group>"; };
		CF245531250A55FB00BB64C7 /* UIViewController+Extension.swift */ = {isa = PBXFileReference; fileEncoding = 4; lastKnownFileType = sourcecode.swift; path = "UIViewController+Extension.swift"; sourceTree = "<group>"; };
		CF245533250A566700BB64C7 /* Lottie.framework */ = {isa = PBXFileReference; lastKnownFileType = wrapper.framework; path = Lottie.framework; sourceTree = "<group>"; };
		CF245536250A56A400BB64C7 /* LottieManager.swift */ = {isa = PBXFileReference; fileEncoding = 4; lastKnownFileType = sourcecode.swift; path = LottieManager.swift; sourceTree = "<group>"; };
		CF24553B250BEC8C00BB64C7 /* SendMoneyConfirmationViewController.swift */ = {isa = PBXFileReference; lastKnownFileType = sourcecode.swift; path = SendMoneyConfirmationViewController.swift; sourceTree = "<group>"; };
		CF24553C250BEC8C00BB64C7 /* SendMoneyConfirmationViewController.xib */ = {isa = PBXFileReference; lastKnownFileType = file.xib; path = SendMoneyConfirmationViewController.xib; sourceTree = "<group>"; };
		CF24553F250FA12000BB64C7 /* DataTransfer.swift */ = {isa = PBXFileReference; lastKnownFileType = sourcecode.swift; path = DataTransfer.swift; sourceTree = "<group>"; };
		CF2456322510C94800BB64C7 /* String+Extension.swift */ = {isa = PBXFileReference; lastKnownFileType = sourcecode.swift; path = "String+Extension.swift"; sourceTree = "<group>"; };
		CF24565A2511605D00BB64C7 /* Balance.swift */ = {isa = PBXFileReference; lastKnownFileType = sourcecode.swift; path = Balance.swift; sourceTree = "<group>"; };
		CFBA3AF2251247080040EACF /* SendMoneyEditViewController.swift */ = {isa = PBXFileReference; lastKnownFileType = sourcecode.swift; path = SendMoneyEditViewController.swift; sourceTree = "<group>"; };
		CFBA3AF3251247080040EACF /* SendMoneyEditViewController.xib */ = {isa = PBXFileReference; lastKnownFileType = file.xib; path = SendMoneyEditViewController.xib; sourceTree = "<group>"; };
		CFBA3AF6251267030040EACF /* CurrencyField.swift */ = {isa = PBXFileReference; lastKnownFileType = sourcecode.swift; path = CurrencyField.swift; sourceTree = "<group>"; };
		CFBA3AF82512B3D60040EACF /* UINavigationController+Extension.swift */ = {isa = PBXFileReference; lastKnownFileType = sourcecode.swift; path = "UINavigationController+Extension.swift"; sourceTree = "<group>"; };
		CFBA3AFB2512F8000040EACF /* SendMoneyReceiptViewController.swift */ = {isa = PBXFileReference; lastKnownFileType = sourcecode.swift; path = SendMoneyReceiptViewController.swift; sourceTree = "<group>"; };
		CFBA3AFC2512F8000040EACF /* SendMoneyReceiptViewController.xib */ = {isa = PBXFileReference; lastKnownFileType = file.xib; path = SendMoneyReceiptViewController.xib; sourceTree = "<group>"; };
		CFEBAD1325026EAE00889CE0 /* SDKPagamentoBR.framework */ = {isa = PBXFileReference; explicitFileType = wrapper.framework; includeInIndex = 0; path = SDKPagamentoBR.framework; sourceTree = BUILT_PRODUCTS_DIR; };
		CFEBAD1625026EAE00889CE0 /* SDKPagamentoBR.h */ = {isa = PBXFileReference; lastKnownFileType = sourcecode.c.h; path = SDKPagamentoBR.h; sourceTree = "<group>"; };
		CFEBAD1725026EAE00889CE0 /* Info.plist */ = {isa = PBXFileReference; lastKnownFileType = text.plist.xml; path = Info.plist; sourceTree = "<group>"; };
		CFEBAD632502929000889CE0 /* ClaroPayStyle.framework */ = {isa = PBXFileReference; lastKnownFileType = wrapper.framework; path = ClaroPayStyle.framework; sourceTree = "<group>"; };
/* End PBXFileReference section */

/* Begin PBXFrameworksBuildPhase section */
		CFEBAD1025026EAE00889CE0 /* Frameworks */ = {
			isa = PBXFrameworksBuildPhase;
			buildActionMask = 2147483647;
			files = (
				CFEBAD732502D6C100889CE0 /* ClaroPayStyle.framework in Frameworks */,
				CF245534250A566700BB64C7 /* Lottie.framework in Frameworks */,
			);
			runOnlyForDeploymentPostprocessing = 0;
		};
/* End PBXFrameworksBuildPhase section */

/* Begin PBXGroup section */
		CF2454DD2503C34500BB64C7 /* PagamentoBrModule */ = {
			isa = PBXGroup;
			children = (
				CF2454DE2503C37600BB64C7 /* PagamentoModule.swift */,
			);
			path = PagamentoBrModule;
			sourceTree = "<group>";
		};
		CF2454E72506BFCE00BB64C7 /* Delegate */ = {
			isa = PBXGroup;
			children = (
				CF2454EA2506BFCE00BB64C7 /* QRScannerViewDelegate.swift */,
			);
			path = Delegate;
			sourceTree = "<group>";
		};
		CF2454EF2506BFF700BB64C7 /* Model */ = {
			isa = PBXGroup;
			children = (
				CF2454F02506BFF700BB64C7 /* QRData.swift */,
				CF24553F250FA12000BB64C7 /* DataTransfer.swift */,
				CF24565A2511605D00BB64C7 /* Balance.swift */,
			);
			path = Model;
			sourceTree = "<group>";
		};
		CF2454F22506C00D00BB64C7 /* Extensions */ = {
			isa = PBXGroup;
			children = (
				CF245536250A56A400BB64C7 /* LottieManager.swift */,
				CF2454F32506C00D00BB64C7 /* UIViewController+Alert.swift */,
				CF2456322510C94800BB64C7 /* String+Extension.swift */,
				CFBA3AF6251267030040EACF /* CurrencyField.swift */,
				CFBA3AF82512B3D60040EACF /* UINavigationController+Extension.swift */,
				CF14B8B8251A55FF00283D38 /* UIView+Extension.swift */,
			);
			path = Extensions;
			sourceTree = "<group>";
		};
		CF2454F42506C00D00BB64C7 /* Controller */ = {
			isa = PBXGroup;
			children = (
				CFBA3AFA2512F7DE0040EACF /* SendMoneyReceipt */,
				CFBA3AF1251246910040EACF /* SendMoneyEdit */,
				CF24553A250BE98500BB64C7 /* SendMoneyConfirmation */,
				CF24551C25078C2400BB64C7 /* QRScan */,
				CF24551B25078C1300BB64C7 /* Alert */,
			);
			path = Controller;
			sourceTree = "<group>";
		};
		CF24551B25078C1300BB64C7 /* Alert */ = {
			isa = PBXGroup;
			children = (
				CF24552A250A517800BB64C7 /* ClaroAlertInteractor.swift */,
				CF245527250A517800BB64C7 /* ClaroAlertPresenter.swift */,
				CF245526250A517800BB64C7 /* ClaroAlertProtocols.swift */,
				CF245525250A517800BB64C7 /* ClaroAlertRouter.swift */,
				CF245528250A517800BB64C7 /* Model */,
				CF24551D25078C5400BB64C7 /* AlertType.swift */,
				CF2455172507885500BB64C7 /* AlertViewController.swift */,
				CF2455182507885500BB64C7 /* AlertViewController.xib */,
			);
			path = Alert;
			sourceTree = "<group>";
		};
		CF24551C25078C2400BB64C7 /* QRScan */ = {
			isa = PBXGroup;
			children = (
				CF2455132506CE3500BB64C7 /* QRScanViewController.swift */,
				CF2455142506CE3500BB64C7 /* QRScanViewController.xib */,
			);
			path = QRScan;
			sourceTree = "<group>";
		};
		CF245528250A517800BB64C7 /* Model */ = {
			isa = PBXGroup;
			children = (
				CF245529250A517800BB64C7 /* AlertInfo.swift */,
			);
			path = Model;
			sourceTree = "<group>";
		};
		CF245530250A55D800BB64C7 /* Extension */ = {
			isa = PBXGroup;
			children = (
				CF245531250A55FB00BB64C7 /* UIViewController+Extension.swift */,
			);
			path = Extension;
			sourceTree = "<group>";
		};
		CF24553A250BE98500BB64C7 /* SendMoneyConfirmation */ = {
			isa = PBXGroup;
			children = (
				CF24553B250BEC8C00BB64C7 /* SendMoneyConfirmationViewController.swift */,
				CF24553C250BEC8C00BB64C7 /* SendMoneyConfirmationViewController.xib */,
			);
			path = SendMoneyConfirmation;
			sourceTree = "<group>";
		};
		CFBA3AF1251246910040EACF /* SendMoneyEdit */ = {
			isa = PBXGroup;
			children = (
				CFBA3AF2251247080040EACF /* SendMoneyEditViewController.swift */,
				CFBA3AF3251247080040EACF /* SendMoneyEditViewController.xib */,
			);
			path = SendMoneyEdit;
			sourceTree = "<group>";
		};
		CFBA3AFA2512F7DE0040EACF /* SendMoneyReceipt */ = {
			isa = PBXGroup;
			children = (
				CFBA3AFB2512F8000040EACF /* SendMoneyReceiptViewController.swift */,
				CFBA3AFC2512F8000040EACF /* SendMoneyReceiptViewController.xib */,
			);
			path = SendMoneyReceipt;
			sourceTree = "<group>";
		};
		CFEBAD0925026EAE00889CE0 = {
			isa = PBXGroup;
			children = (
				CFEBAD1525026EAE00889CE0 /* SDKPagamentoBR */,
				CFEBAD1425026EAE00889CE0 /* Products */,
				CFEBAD302502785100889CE0 /* Frameworks */,
			);
			sourceTree = "<group>";
		};
		CFEBAD1425026EAE00889CE0 /* Products */ = {
			isa = PBXGroup;
			children = (
				CFEBAD1325026EAE00889CE0 /* SDKPagamentoBR.framework */,
			);
			name = Products;
			sourceTree = "<group>";
		};
		CFEBAD1525026EAE00889CE0 /* SDKPagamentoBR */ = {
			isa = PBXGroup;
			children = (
				CF245530250A55D800BB64C7 /* Extension */,
				CF2454F72506C00D00BB64C7 /* Assets.xcassets */,
				CF2454F42506C00D00BB64C7 /* Controller */,
				CF2454F22506C00D00BB64C7 /* Extensions */,
				CF2454EF2506BFF700BB64C7 /* Model */,
				CF2454E72506BFCE00BB64C7 /* Delegate */,
				CF2454DD2503C34500BB64C7 /* PagamentoBrModule */,
				CFEBAD1625026EAE00889CE0 /* SDKPagamentoBR.h */,
				CFEBAD1725026EAE00889CE0 /* Info.plist */,
			);
			path = SDKPagamentoBR;
			sourceTree = "<group>";
		};
		CFEBAD302502785100889CE0 /* Frameworks */ = {
			isa = PBXGroup;
			children = (
				CF245533250A566700BB64C7 /* Lottie.framework */,
				CFEBAD632502929000889CE0 /* ClaroPayStyle.framework */,
			);
			name = Frameworks;
			sourceTree = "<group>";
		};
/* End PBXGroup section */

/* Begin PBXHeadersBuildPhase section */
		CFEBAD0E25026EAE00889CE0 /* Headers */ = {
			isa = PBXHeadersBuildPhase;
			buildActionMask = 2147483647;
			files = (
				CFEBAD1825026EAE00889CE0 /* SDKPagamentoBR.h in Headers */,
			);
			runOnlyForDeploymentPostprocessing = 0;
		};
/* End PBXHeadersBuildPhase section */

/* Begin PBXNativeTarget section */
		CFEBAD1225026EAE00889CE0 /* SDKPagamentoBR */ = {
			isa = PBXNativeTarget;
			buildConfigurationList = CFEBAD1B25026EAE00889CE0 /* Build configuration list for PBXNativeTarget "SDKPagamentoBR" */;
			buildPhases = (
				CFEBAD0E25026EAE00889CE0 /* Headers */,
				CFEBAD0F25026EAE00889CE0 /* Sources */,
				CFEBAD1025026EAE00889CE0 /* Frameworks */,
				CFEBAD1125026EAE00889CE0 /* Resources */,
				CFEBAD752502D6C100889CE0 /* Embed Frameworks */,
			);
			buildRules = (
			);
			dependencies = (
			);
			name = SDKPagamentoBR;
			productName = SDKPagamentoBR;
			productReference = CFEBAD1325026EAE00889CE0 /* SDKPagamentoBR.framework */;
			productType = "com.apple.product-type.framework";
		};
/* End PBXNativeTarget section */

/* Begin PBXProject section */
		CFEBAD0A25026EAE00889CE0 /* Project object */ = {
			isa = PBXProject;
			attributes = {
				LastUpgradeCheck = 1170;
				ORGANIZATIONNAME = ClaroPay;
				TargetAttributes = {
					CFEBAD1225026EAE00889CE0 = {
						CreatedOnToolsVersion = 11.7;
						LastSwiftMigration = 1170;
					};
				};
			};
			buildConfigurationList = CFEBAD0D25026EAE00889CE0 /* Build configuration list for PBXProject "SDKPagamentoBR" */;
			compatibilityVersion = "Xcode 9.3";
			developmentRegion = en;
			hasScannedForEncodings = 0;
			knownRegions = (
				en,
			);
			mainGroup = CFEBAD0925026EAE00889CE0;
			productRefGroup = CFEBAD1425026EAE00889CE0 /* Products */;
			projectDirPath = "";
			projectRoot = "";
			targets = (
				CFEBAD1225026EAE00889CE0 /* SDKPagamentoBR */,
			);
		};
/* End PBXProject section */

/* Begin PBXResourcesBuildPhase section */
		CFEBAD1125026EAE00889CE0 /* Resources */ = {
			isa = PBXResourcesBuildPhase;
			buildActionMask = 2147483647;
			files = (
				CF2455162506CE3500BB64C7 /* QRScanViewController.xib in Resources */,
				CF2454FB2506C00D00BB64C7 /* Assets.xcassets in Resources */,
				CFBA3AFE2512F8000040EACF /* SendMoneyReceiptViewController.xib in Resources */,
				CFBA3AF5251247080040EACF /* SendMoneyEditViewController.xib in Resources */,
				CF24553E250BEC8D00BB64C7 /* SendMoneyConfirmationViewController.xib in Resources */,
				CF24551A2507885500BB64C7 /* AlertViewController.xib in Resources */,
			);
			runOnlyForDeploymentPostprocessing = 0;
		};
/* End PBXResourcesBuildPhase section */

/* Begin PBXSourcesBuildPhase section */
		CFEBAD0F25026EAE00889CE0 /* Sources */ = {
			isa = PBXSourcesBuildPhase;
			buildActionMask = 2147483647;
			files = (
				CF2454F82506C00D00BB64C7 /* UIViewController+Alert.swift in Sources */,
				CF245532250A55FB00BB64C7 /* UIViewController+Extension.swift in Sources */,
				CF2455192507885500BB64C7 /* AlertViewController.swift in Sources */,
				CF2454F12506BFF700BB64C7 /* QRData.swift in Sources */,
				CF24565B2511605E00BB64C7 /* Balance.swift in Sources */,
				CF24552C250A517800BB64C7 /* ClaroAlertProtocols.swift in Sources */,
				CFBA3AF4251247080040EACF /* SendMoneyEditViewController.swift in Sources */,
				CF24552B250A517800BB64C7 /* ClaroAlertRouter.swift in Sources */,
				CF24552F250A517800BB64C7 /* ClaroAlertInteractor.swift in Sources */,
				CF24552E250A517800BB64C7 /* AlertInfo.swift in Sources */,
				CF14B8B9251A55FF00283D38 /* UIView+Extension.swift in Sources */,
				CF2456332510C94900BB64C7 /* String+Extension.swift in Sources */,
				CFBA3AF92512B3D70040EACF /* UINavigationController+Extension.swift in Sources */,
				CFBA3AFD2512F8000040EACF /* SendMoneyReceiptViewController.swift in Sources */,
				CF24552D250A517800BB64C7 /* ClaroAlertPresenter.swift in Sources */,
				CF24553D250BEC8D00BB64C7 /* SendMoneyConfirmationViewController.swift in Sources */,
				CFBA3AF7251267030040EACF /* CurrencyField.swift in Sources */,
				CF2454ED2506BFCE00BB64C7 /* QRScannerViewDelegate.swift in Sources */,
				CF24551E25078C5400BB64C7 /* AlertType.swift in Sources */,
				CF245540250FA12100BB64C7 /* DataTransfer.swift in Sources */,
				CF2455152506CE3500BB64C7 /* QRScanViewController.swift in Sources */,
				CF245537250A56A400BB64C7 /* LottieManager.swift in Sources */,
				CF2454DF2503C37600BB64C7 /* PagamentoModule.swift in Sources */,
			);
			runOnlyForDeploymentPostprocessing = 0;
		};
/* End PBXSourcesBuildPhase section */

/* Begin XCBuildConfiguration section */
		CFEBAD1925026EAE00889CE0 /* Debug */ = {
			isa = XCBuildConfiguration;
			buildSettings = {
				ALWAYS_SEARCH_USER_PATHS = NO;
				CLANG_ANALYZER_NONNULL = YES;
				CLANG_ANALYZER_NUMBER_OBJECT_CONVERSION = YES_AGGRESSIVE;
				CLANG_CXX_LANGUAGE_STANDARD = "gnu++14";
				CLANG_CXX_LIBRARY = "libc++";
				CLANG_ENABLE_MODULES = YES;
				CLANG_ENABLE_OBJC_ARC = YES;
				CLANG_ENABLE_OBJC_WEAK = YES;
				CLANG_WARN_BLOCK_CAPTURE_AUTORELEASING = YES;
				CLANG_WARN_BOOL_CONVERSION = YES;
				CLANG_WARN_COMMA = YES;
				CLANG_WARN_CONSTANT_CONVERSION = YES;
				CLANG_WARN_DEPRECATED_OBJC_IMPLEMENTATIONS = YES;
				CLANG_WARN_DIRECT_OBJC_ISA_USAGE = YES_ERROR;
				CLANG_WARN_DOCUMENTATION_COMMENTS = YES;
				CLANG_WARN_EMPTY_BODY = YES;
				CLANG_WARN_ENUM_CONVERSION = YES;
				CLANG_WARN_INFINITE_RECURSION = YES;
				CLANG_WARN_INT_CONVERSION = YES;
				CLANG_WARN_NON_LITERAL_NULL_CONVERSION = YES;
				CLANG_WARN_OBJC_IMPLICIT_RETAIN_SELF = YES;
				CLANG_WARN_OBJC_LITERAL_CONVERSION = YES;
				CLANG_WARN_OBJC_ROOT_CLASS = YES_ERROR;
				CLANG_WARN_RANGE_LOOP_ANALYSIS = YES;
				CLANG_WARN_STRICT_PROTOTYPES = YES;
				CLANG_WARN_SUSPICIOUS_MOVE = YES;
				CLANG_WARN_UNGUARDED_AVAILABILITY = YES_AGGRESSIVE;
				CLANG_WARN_UNREACHABLE_CODE = YES;
				CLANG_WARN__DUPLICATE_METHOD_MATCH = YES;
				COPY_PHASE_STRIP = NO;
				CURRENT_PROJECT_VERSION = 1;
				DEBUG_INFORMATION_FORMAT = dwarf;
				ENABLE_STRICT_OBJC_MSGSEND = YES;
				ENABLE_TESTABILITY = YES;
				GCC_C_LANGUAGE_STANDARD = gnu11;
				GCC_DYNAMIC_NO_PIC = NO;
				GCC_NO_COMMON_BLOCKS = YES;
				GCC_OPTIMIZATION_LEVEL = 0;
				GCC_PREPROCESSOR_DEFINITIONS = (
					"DEBUG=1",
					"$(inherited)",
				);
				GCC_WARN_64_TO_32_BIT_CONVERSION = YES;
				GCC_WARN_ABOUT_RETURN_TYPE = YES_ERROR;
				GCC_WARN_UNDECLARED_SELECTOR = YES;
				GCC_WARN_UNINITIALIZED_AUTOS = YES_AGGRESSIVE;
				GCC_WARN_UNUSED_FUNCTION = YES;
				GCC_WARN_UNUSED_VARIABLE = YES;
				IPHONEOS_DEPLOYMENT_TARGET = 13.7;
				MTL_ENABLE_DEBUG_INFO = INCLUDE_SOURCE;
				MTL_FAST_MATH = YES;
				ONLY_ACTIVE_ARCH = YES;
				SDKROOT = iphoneos;
				SWIFT_ACTIVE_COMPILATION_CONDITIONS = DEBUG;
				SWIFT_OPTIMIZATION_LEVEL = "-Onone";
				VERSIONING_SYSTEM = "apple-generic";
				VERSION_INFO_PREFIX = "";
			};
			name = Debug;
		};
		CFEBAD1A25026EAE00889CE0 /* Release */ = {
			isa = XCBuildConfiguration;
			buildSettings = {
				ALWAYS_SEARCH_USER_PATHS = NO;
				CLANG_ANALYZER_NONNULL = YES;
				CLANG_ANALYZER_NUMBER_OBJECT_CONVERSION = YES_AGGRESSIVE;
				CLANG_CXX_LANGUAGE_STANDARD = "gnu++14";
				CLANG_CXX_LIBRARY = "libc++";
				CLANG_ENABLE_MODULES = YES;
				CLANG_ENABLE_OBJC_ARC = YES;
				CLANG_ENABLE_OBJC_WEAK = YES;
				CLANG_WARN_BLOCK_CAPTURE_AUTORELEASING = YES;
				CLANG_WARN_BOOL_CONVERSION = YES;
				CLANG_WARN_COMMA = YES;
				CLANG_WARN_CONSTANT_CONVERSION = YES;
				CLANG_WARN_DEPRECATED_OBJC_IMPLEMENTATIONS = YES;
				CLANG_WARN_DIRECT_OBJC_ISA_USAGE = YES_ERROR;
				CLANG_WARN_DOCUMENTATION_COMMENTS = YES;
				CLANG_WARN_EMPTY_BODY = YES;
				CLANG_WARN_ENUM_CONVERSION = YES;
				CLANG_WARN_INFINITE_RECURSION = YES;
				CLANG_WARN_INT_CONVERSION = YES;
				CLANG_WARN_NON_LITERAL_NULL_CONVERSION = YES;
				CLANG_WARN_OBJC_IMPLICIT_RETAIN_SELF = YES;
				CLANG_WARN_OBJC_LITERAL_CONVERSION = YES;
				CLANG_WARN_OBJC_ROOT_CLASS = YES_ERROR;
				CLANG_WARN_RANGE_LOOP_ANALYSIS = YES;
				CLANG_WARN_STRICT_PROTOTYPES = YES;
				CLANG_WARN_SUSPICIOUS_MOVE = YES;
				CLANG_WARN_UNGUARDED_AVAILABILITY = YES_AGGRESSIVE;
				CLANG_WARN_UNREACHABLE_CODE = YES;
				CLANG_WARN__DUPLICATE_METHOD_MATCH = YES;
				COPY_PHASE_STRIP = NO;
				CURRENT_PROJECT_VERSION = 1;
				DEBUG_INFORMATION_FORMAT = "dwarf-with-dsym";
				ENABLE_NS_ASSERTIONS = NO;
				ENABLE_STRICT_OBJC_MSGSEND = YES;
				GCC_C_LANGUAGE_STANDARD = gnu11;
				GCC_NO_COMMON_BLOCKS = YES;
				GCC_WARN_64_TO_32_BIT_CONVERSION = YES;
				GCC_WARN_ABOUT_RETURN_TYPE = YES_ERROR;
				GCC_WARN_UNDECLARED_SELECTOR = YES;
				GCC_WARN_UNINITIALIZED_AUTOS = YES_AGGRESSIVE;
				GCC_WARN_UNUSED_FUNCTION = YES;
				GCC_WARN_UNUSED_VARIABLE = YES;
				IPHONEOS_DEPLOYMENT_TARGET = 13.7;
				MTL_ENABLE_DEBUG_INFO = NO;
				MTL_FAST_MATH = YES;
				SDKROOT = iphoneos;
				SWIFT_COMPILATION_MODE = wholemodule;
				SWIFT_OPTIMIZATION_LEVEL = "-O";
				VALIDATE_PRODUCT = YES;
				VERSIONING_SYSTEM = "apple-generic";
				VERSION_INFO_PREFIX = "";
			};
			name = Release;
		};
		CFEBAD1C25026EAE00889CE0 /* Debug */ = {
			isa = XCBuildConfiguration;
			buildSettings = {
				CLANG_ENABLE_MODULES = YES;
				CODE_SIGN_STYLE = Automatic;
				DEFINES_MODULE = YES;
				DEVELOPMENT_TEAM = 7F3N7RFQ38;
				DYLIB_COMPATIBILITY_VERSION = 1;
				DYLIB_CURRENT_VERSION = 1;
				DYLIB_INSTALL_NAME_BASE = "@rpath";
				ENABLE_BITCODE = NO;
				FRAMEWORK_SEARCH_PATHS = (
					"$(inherited)",
					"$(PROJECT_DIR)",
				);
				INFOPLIST_FILE = SDKPagamentoBR/Info.plist;
				INSTALL_PATH = "$(LOCAL_LIBRARY_DIR)/Frameworks";
				IPHONEOS_DEPLOYMENT_TARGET = 12.1;
				LD_RUNPATH_SEARCH_PATHS = (
					"$(inherited)",
					"@executable_path/Frameworks",
					"@loader_path/Frameworks",
				);
				PRODUCT_BUNDLE_IDENTIFIER = br.com.claro.claropay.SDKPagamentoBR;
				PRODUCT_NAME = "$(TARGET_NAME:c99extidentifier)";
				SKIP_INSTALL = YES;
				SUPPORTS_MACCATALYST = NO;
				SWIFT_OPTIMIZATION_LEVEL = "-Onone";
				SWIFT_VERSION = 5.0;
				TARGETED_DEVICE_FAMILY = 1;
			};
			name = Debug;
		};
		CFEBAD1D25026EAE00889CE0 /* Release */ = {
			isa = XCBuildConfiguration;
			buildSettings = {
				CLANG_ENABLE_MODULES = YES;
				CODE_SIGN_STYLE = Automatic;
				DEFINES_MODULE = YES;
				DEVELOPMENT_TEAM = 7F3N7RFQ38;
				DYLIB_COMPATIBILITY_VERSION = 1;
				DYLIB_CURRENT_VERSION = 1;
				DYLIB_INSTALL_NAME_BASE = "@rpath";
				ENABLE_BITCODE = NO;
				FRAMEWORK_SEARCH_PATHS = (
					"$(inherited)",
					"$(PROJECT_DIR)",
				);
				INFOPLIST_FILE = SDKPagamentoBR/Info.plist;
				INSTALL_PATH = "$(LOCAL_LIBRARY_DIR)/Frameworks";
				IPHONEOS_DEPLOYMENT_TARGET = 12.1;
				LD_RUNPATH_SEARCH_PATHS = (
					"$(inherited)",
					"@executable_path/Frameworks",
					"@loader_path/Frameworks",
				);
				PRODUCT_BUNDLE_IDENTIFIER = br.com.claro.claropay.SDKPagamentoBR;
				PRODUCT_NAME = "$(TARGET_NAME:c99extidentifier)";
				SKIP_INSTALL = YES;
				SUPPORTS_MACCATALYST = NO;
				SWIFT_VERSION = 5.0;
				TARGETED_DEVICE_FAMILY = 1;
			};
			name = Release;
		};
/* End XCBuildConfiguration section */

/* Begin XCConfigurationList section */
		CFEBAD0D25026EAE00889CE0 /* Build configuration list for PBXProject "SDKPagamentoBR" */ = {
			isa = XCConfigurationList;
			buildConfigurations = (
				CFEBAD1925026EAE00889CE0 /* Debug */,
				CFEBAD1A25026EAE00889CE0 /* Release */,
			);
			defaultConfigurationIsVisible = 0;
			defaultConfigurationName = Release;
		};
		CFEBAD1B25026EAE00889CE0 /* Build configuration list for PBXNativeTarget "SDKPagamentoBR" */ = {
			isa = XCConfigurationList;
			buildConfigurations = (
				CFEBAD1C25026EAE00889CE0 /* Debug */,
				CFEBAD1D25026EAE00889CE0 /* Release */,
			);
			defaultConfigurationIsVisible = 0;
			defaultConfigurationName = Release;
		};
/* End XCConfigurationList section */
	};
	rootObject = CFEBAD0A25026EAE00889CE0 /* Project object */;
}
